
Microsoft Visual Studio Solution File, Format Version 12.00
# Visual Studio 2012
Project("{FAE04EC0-301F-11D3-BF4B-00C04F79EFBC}") = "windowzer_lap", "Friends Team\windowzer_lap.csproj", "{397BCA58-B33C-4B4E-9C85-DE5F6A5FCE0C}"
EndProject
Global
	GlobalSection(SolutionConfigurationPlatforms) = preSolution
		CD_ROM|Any CPU = CD_ROM|Any CPU
		Debug|Any CPU = Debug|Any CPU
		DVD-5|Any CPU = DVD-5|Any CPU
		Release|Any CPU = Release|Any CPU
		SingleImage|Any CPU = SingleImage|Any CPU
	EndGlobalSection
	GlobalSection(ProjectConfigurationPlatforms) = postSolution
		{397BCA58-B33C-4B4E-9C85-DE5F6A5FCE0C}.CD_ROM|Any CPU.ActiveCfg = Release|Any CPU
		{397BCA58-B33C-4B4E-9C85-DE5F6A5FCE0C}.CD_ROM|Any CPU.Build.0 = Release|Any CPU
		{397BCA58-B33C-4B4E-9C85-DE5F6A5FCE0C}.Debug|Any CPU.ActiveCfg = Debug|Any CPU
		{397BCA58-B33C-4B4E-9C85-DE5F6A5FCE0C}.Debug|Any CPU.Build.0 = Debug|Any CPU
		{397BCA58-B33C-4B4E-9C85-DE5F6A5FCE0C}.DVD-5|Any CPU.ActiveCfg = Debug|Any CPU
		{397BCA58-B33C-4B4E-9C85-DE5F6A5FCE0C}.DVD-5|Any CPU.Build.0 = Debug|Any CPU
		{397BCA58-B33C-4B4E-9C85-DE5F6A5FCE0C}.Release|Any CPU.ActiveCfg = Release|Any CPU
		{397BCA58-B33C-4B4E-9C85-DE5F6A5FCE0C}.Release|Any CPU.Build.0 = Release|Any CPU
		{397BCA58-B33C-4B4E-9C85-DE5F6A5FCE0C}.SingleImage|Any CPU.ActiveCfg = Release|Any CPU
		{397BCA58-B33C-4B4E-9C85-DE5F6A5FCE0C}.SingleImage|Any CPU.Build.0 = Release|Any CPU
	EndGlobalSection
	GlobalSection(SolutionProperties) = preSolution
		HideSolutionNode = FALSE
	EndGlobalSection
EndGlobal
